
Microsoft Visual Studio Solution File, Format Version 12.00
# Visual Studio Version 17
VisualStudioVersion = 17.7.34221.43
MinimumVisualStudioVersion = 10.0.40219.1
Project("{FAE04EC0-301F-11D3-BF4B-00C04F79EFBC}") = "Gestion", "Gestion\Gestion.csproj", "{E680A0F8-F97E-4F87-AB8B-39ED9226CBE5}"
EndProject
Project("{FAE04EC0-301F-11D3-BF4B-00C04F79EFBC}") = "LireLettersTest", "LireLettersTest\LireLettersTest.csproj", "{D458E2BA-935E-44E8-8387-08B34F1222FD}"
EndProject
Project("{FAE04EC0-301F-11D3-BF4B-00C04F79EFBC}") = "Calculatrice", "Calculatrice\Calculatrice.csproj", "{FCFD94CF-E409-4C22-B3C5-7ABB73BF55F0}"
EndProject
Project("{FAE04EC0-301F-11D3-BF4B-00C04F79EFBC}") = "TestThreeFive_UnitTest", "TestThreeFive_UnitTest\TestThreeFive_UnitTest.csproj", "{1E3D3F23-5784-4B4E-9F2D-206A0653CD31}"
EndProject
Project("{FAE04EC0-301F-11D3-BF4B-00C04F79EFBC}") = "ThreeFive", "ThreeFive\ThreeFive.csproj", "{9976CB0B-C583-4CFE-85C5-2EA6DE9F9D59}"
EndProject
Project("{FAE04EC0-301F-11D3-BF4B-00C04F79EFBC}") = "UnitTestCalculatrice", "UnitTestCalculatrice\UnitTestCalculatrice.csproj", "{9634BA12-57EB-4AE7-ADB7-C04F61E29D40}"
EndProject
Project("{FAE04EC0-301F-11D3-BF4B-00C04F79EFBC}") = "CalculCalculatrice", "CalculCalculatrice\CalculCalculatrice.csproj", "{A146EE88-0224-43DB-A40A-A4E6DBAC66E6}"
EndProject
Global
	GlobalSection(SolutionConfigurationPlatforms) = preSolution
		Debug|Any CPU = Debug|Any CPU
		Release|Any CPU = Release|Any CPU
	EndGlobalSection
	GlobalSection(ProjectConfigurationPlatforms) = postSolution
		{E680A0F8-F97E-4F87-AB8B-39ED9226CBE5}.Debug|Any CPU.ActiveCfg = Debug|Any CPU
		{E680A0F8-F97E-4F87-AB8B-39ED9226CBE5}.Debug|Any CPU.Build.0 = Debug|Any CPU
		{E680A0F8-F97E-4F87-AB8B-39ED9226CBE5}.Release|Any CPU.ActiveCfg = Release|Any CPU
		{E680A0F8-F97E-4F87-AB8B-39ED9226CBE5}.Release|Any CPU.Build.0 = Release|Any CPU
		{D458E2BA-935E-44E8-8387-08B34F1222FD}.Debug|Any CPU.ActiveCfg = Debug|Any CPU
		{D458E2BA-935E-44E8-8387-08B34F1222FD}.Debug|Any CPU.Build.0 = Debug|Any CPU
		{D458E2BA-935E-44E8-8387-08B34F1222FD}.Release|Any CPU.ActiveCfg = Release|Any CPU
		{D458E2BA-935E-44E8-8387-08B34F1222FD}.Release|Any CPU.Build.0 = Release|Any CPU
		{FCFD94CF-E409-4C22-B3C5-7ABB73BF55F0}.Debug|Any CPU.ActiveCfg = Debug|Any CPU
		{FCFD94CF-E409-4C22-B3C5-7ABB73BF55F0}.Debug|Any CPU.Build.0 = Debug|Any CPU
		{FCFD94CF-E409-4C22-B3C5-7ABB73BF55F0}.Release|Any CPU.ActiveCfg = Release|Any CPU
		{FCFD94CF-E409-4C22-B3C5-7ABB73BF55F0}.Release|Any CPU.Build.0 = Release|Any CPU
		{1E3D3F23-5784-4B4E-9F2D-206A0653CD31}.Debug|Any CPU.ActiveCfg = Debug|Any CPU
		{1E3D3F23-5784-4B4E-9F2D-206A0653CD31}.Debug|Any CPU.Build.0 = Debug|Any CPU
		{1E3D3F23-5784-4B4E-9F2D-206A0653CD31}.Release|Any CPU.ActiveCfg = Release|Any CPU
		{1E3D3F23-5784-4B4E-9F2D-206A0653CD31}.Release|Any CPU.Build.0 = Release|Any CPU
		{9976CB0B-C583-4CFE-85C5-2EA6DE9F9D59}.Debug|Any CPU.ActiveCfg = Debug|Any CPU
		{9976CB0B-C583-4CFE-85C5-2EA6DE9F9D59}.Debug|Any CPU.Build.0 = Debug|Any CPU
		{9976CB0B-C583-4CFE-85C5-2EA6DE9F9D59}.Release|Any CPU.ActiveCfg = Release|Any CPU
		{9976CB0B-C583-4CFE-85C5-2EA6DE9F9D59}.Release|Any CPU.Build.0 = Release|Any CPU
		{9634BA12-57EB-4AE7-ADB7-C04F61E29D40}.Debug|Any CPU.ActiveCfg = Debug|Any CPU
		{9634BA12-57EB-4AE7-ADB7-C04F61E29D40}.Debug|Any CPU.Build.0 = Debug|Any CPU
		{9634BA12-57EB-4AE7-ADB7-C04F61E29D40}.Release|Any CPU.ActiveCfg = Release|Any CPU
		{9634BA12-57EB-4AE7-ADB7-C04F61E29D40}.Release|Any CPU.Build.0 = Release|Any CPU
		{A146EE88-0224-43DB-A40A-A4E6DBAC66E6}.Debug|Any CPU.ActiveCfg = Debug|Any CPU
		{A146EE88-0224-43DB-A40A-A4E6DBAC66E6}.Debug|Any CPU.Build.0 = Debug|Any CPU
		{A146EE88-0224-43DB-A40A-A4E6DBAC66E6}.Release|Any CPU.ActiveCfg = Release|Any CPU
		{A146EE88-0224-43DB-A40A-A4E6DBAC66E6}.Release|Any CPU.Build.0 = Release|Any CPU
	EndGlobalSection
	GlobalSection(SolutionProperties) = preSolution
		HideSolutionNode = FALSE
	EndGlobalSection
	GlobalSection(ExtensibilityGlobals) = postSolution
		SolutionGuid = {1724975B-EE28-43E9-A55E-E01B0048AA32}
	EndGlobalSection
EndGlobal
